
Microsoft Visual Studio Solution File, Format Version 12.00
# Visual Studio Version 17
VisualStudioVersion = 17.5.33516.290
MinimumVisualStudioVersion = 10.0.40219.1
Project("{FAE04EC0-301F-11D3-BF4B-00C04F79EFBC}") = "GenteFitOdoo", "GenteFitOdoo\GenteFitOdoo.csproj", "{EAFB2130-3E84-4EA3-9E1E-DE69820080E6}"
EndProject
Global
	GlobalSection(SolutionConfigurationPlatforms) = preSolution
		Debug|Any CPU = Debug|Any CPU
		Release|Any CPU = Release|Any CPU
	EndGlobalSection
	GlobalSection(ProjectConfigurationPlatforms) = postSolution
		{EAFB2130-3E84-4EA3-9E1E-DE69820080E6}.Debug|Any CPU.ActiveCfg = Debug|Any CPU
		{EAFB2130-3E84-4EA3-9E1E-DE69820080E6}.Debug|Any CPU.Build.0 = Debug|Any CPU
		{EAFB2130-3E84-4EA3-9E1E-DE69820080E6}.Release|Any CPU.ActiveCfg = Release|Any CPU
		{EAFB2130-3E84-4EA3-9E1E-DE69820080E6}.Release|Any CPU.Build.0 = Release|Any CPU
	EndGlobalSection
	GlobalSection(SolutionProperties) = preSolution
		HideSolutionNode = FALSE
	EndGlobalSection
	GlobalSection(ExtensibilityGlobals) = postSolution
		SolutionGuid = {CEE6EBD0-D6D7-4C1C-A8D8-99D4ADC981D7}
	EndGlobalSection
EndGlobal
