
Microsoft Visual Studio Solution File, Format Version 12.00
# Visual Studio Version 17
VisualStudioVersion = 17.5.33516.290
MinimumVisualStudioVersion = 10.0.40219.1
Project("{FAE04EC0-301F-11D3-BF4B-00C04F79EFBC}") = "GenteFit", "GenteFit\GenteFit.csproj", "{CAA01DBF-3932-4532-933F-2B41E921B5C9}"
EndProject
Global
	GlobalSection(SolutionConfigurationPlatforms) = preSolution
		Debug|Any CPU = Debug|Any CPU
		Release|Any CPU = Release|Any CPU
	EndGlobalSection
	GlobalSection(ProjectConfigurationPlatforms) = postSolution
		{CAA01DBF-3932-4532-933F-2B41E921B5C9}.Debug|Any CPU.ActiveCfg = Debug|Any CPU
		{CAA01DBF-3932-4532-933F-2B41E921B5C9}.Debug|Any CPU.Build.0 = Debug|Any CPU
		{CAA01DBF-3932-4532-933F-2B41E921B5C9}.Release|Any CPU.ActiveCfg = Release|Any CPU
		{CAA01DBF-3932-4532-933F-2B41E921B5C9}.Release|Any CPU.Build.0 = Release|Any CPU
	EndGlobalSection
	GlobalSection(SolutionProperties) = preSolution
		HideSolutionNode = FALSE
	EndGlobalSection
	GlobalSection(ExtensibilityGlobals) = postSolution
		SolutionGuid = {E5FA04B1-7A59-4D3E-85D3-DFB0E5E3350C}
	EndGlobalSection
EndGlobal
